<?xml version="1.0" encoding="utf-8"?>
<Project ToolsVersion="4.0" xmlns="http://schemas.microsoft.com/developer/msbuild/2003">
  <ItemGroup>
    <Filter Include="Source Files">
      <UniqueIdentifier>{4FC737F1-C7A5-4376-A066-2A32D752A2FF}</UniqueIdentifier>
      <Extensions>cpp;c;cc;cxx;def;odl;idl;hpj;bat;asm;asmx</Extensions>
    </Filter>
    <Filter Include="Header Files">
      <UniqueIdentifier>{93995380-89BD-4b04-88EB-625FBE52EBFB}</UniqueIdentifier>
      <Extensions>h;hh;hpp;hxx;hm;inl;inc;ipp;xsd</Extensions>
    </Filter>
    <Filter Include="Resource Files">
      <UniqueIdentifier>{67DA6AB6-F800-4c08-8B7A-83BB121AAD01}</UniqueIdentifier>
      <Extensions>rc;ico;cur;bmp;dlg;rc2;rct;bin;rgs;gif;jpg;jpeg;jpe;resx;tiff;tif;png;wav;mfcribbon-ms</Extensions>
    </Filter>
    <Filter Include="Source Files\Engine">
      <UniqueIdentifier>{9388d5a3-42e0-43aa-b0ad-e5ab67bd94ab}</UniqueIdentifier>
    </Filter>
    <Filter Include="Source Files\State">
      <UniqueIdentifier>{bf5174c2-19e1-4617-8899-324e0e74c373}</UniqueIdentifier>
    </Filter>
    <Filter Include="Source Files\Scenario">
      <UniqueIdentifier>{fb482292-3885-4cb8-ab54-535236be3950}</UniqueIdentifier>
    </Filter>
    <Filter Include="Source Files\Action">
      <UniqueIdentifier>{2195fc52-4615-4049-a1cd-7317e325ecff}</UniqueIdentifier>
    </Filter>
    <Filter Include="Source Files\Vehicles">
      <UniqueIdentifier>{10f48d3e-e408-4956-8f3c-a5fd01710107}</UniqueIdentifier>
    </Filter>
    <Filter Include="Source Files\Location">
      <UniqueIdentifier>{2270c9a3-1d45-4b6f-bd36-41b577bd6f4d}</UniqueIdentifier>
    </Filter>
    <Filter Include="Source Files\Employees">
      <UniqueIdentifier>{319e41aa-9178-427b-b1c6-a548e401660e}</UniqueIdentifier>
    </Filter>
    <Filter Include="Source Files\BusinessRules">
      <UniqueIdentifier>{3b192c69-09f4-41dc-b19b-79933850efbc}</UniqueIdentifier>
    </Filter>
    <Filter Include="Source Files\BusinessRules\Arrival and departure">
      <UniqueIdentifier>{76cfbf3e-0d5a-4467-a338-a6ff5ab6b9c6}</UniqueIdentifier>
    </Filter>
    <Filter Include="Source Files\BusinessRules\Track occupation">
      <UniqueIdentifier>{391e52c4-b506-4aba-a781-f0d2b16f3ac8}</UniqueIdentifier>
    </Filter>
    <Filter Include="Source Files\BusinessRules\Parking">
      <UniqueIdentifier>{2c0cddf5-2938-4b4c-873c-96bde4a56d94}</UniqueIdentifier>
    </Filter>
    <Filter Include="Source Files\BusinessRules\Shunting">
      <UniqueIdentifier>{aec2db7b-b662-4d6c-832b-b31bde25ecf1}</UniqueIdentifier>
    </Filter>
    <Filter Include="Source Files\BusinessRules\Facility">
      <UniqueIdentifier>{dcb62631-305a-460f-b306-b832343bbf4d}</UniqueIdentifier>
    </Filter>
    <Filter Include="Source Files\BusinessRules\Service tasks">
      <UniqueIdentifier>{047d97ed-025c-4c3e-96e0-9a9426bdee06}</UniqueIdentifier>
    </Filter>
  </ItemGroup>
  <ItemGroup>
    <ClInclude Include="Engine.h">
      <Filter>Header Files</Filter>
    </ClInclude>
    <ClInclude Include="Scenario.h">
      <Filter>Header Files</Filter>
    </ClInclude>
    <ClInclude Include="State.h">
      <Filter>Header Files</Filter>
    </ClInclude>
    <ClInclude Include="Action.h">
      <Filter>Header Files</Filter>
    </ClInclude>
    <ClInclude Include="Disturbance.h">
      <Filter>Header Files</Filter>
    </ClInclude>
    <ClInclude Include="Event.h">
      <Filter>Header Files</Filter>
    </ClInclude>
    <ClInclude Include="EventQueue.h">
      <Filter>Header Files</Filter>
    </ClInclude>
    <ClInclude Include="Train.h">
      <Filter>Header Files</Filter>
    </ClInclude>
    <ClInclude Include="ShuntingUnit.h">
      <Filter>Header Files</Filter>
    </ClInclude>
    <ClInclude Include="Location.h">
      <Filter>Header Files</Filter>
    </ClInclude>
    <ClInclude Include="Track.h">
      <Filter>Header Files</Filter>
    </ClInclude>
    <ClInclude Include="Exceptions.h">
      <Filter>Header Files</Filter>
    </ClInclude>
    <ClInclude Include="resource.h">
      <Filter>Header Files</Filter>
    </ClInclude>
    <ClInclude Include="Facility.h">
      <Filter>Header Files</Filter>
    </ClInclude>
    <ClInclude Include="Employee.h">
      <Filter>Header Files</Filter>
    </ClInclude>
    <ClInclude Include="TrainGoals.h">
      <Filter>Header Files</Filter>
    </ClInclude>
    <ClInclude Include="Config.h">
      <Filter>Header Files</Filter>
    </ClInclude>
    <ClInclude Include="BusinessRules.h">
      <Filter>Header Files</Filter>
    </ClInclude>
    <ClInclude Include="Utils.h">
      <Filter>Header Files</Filter>
    </ClInclude>
  </ItemGroup>
  <ItemGroup>
    <ClCompile Include="Engine.cpp">
      <Filter>Source Files\Engine</Filter>
    </ClCompile>
    <ClCompile Include="Scenario.cpp">
      <Filter>Source Files\Scenario</Filter>
    </ClCompile>
    <ClCompile Include="State.cpp">
      <Filter>Source Files\State</Filter>
    </ClCompile>
    <ClCompile Include="Action.cpp">
      <Filter>Source Files\Action</Filter>
    </ClCompile>
    <ClCompile Include="Disturbance.cpp">
      <Filter>Source Files\Scenario</Filter>
    </ClCompile>
    <ClCompile Include="Event.cpp">
      <Filter>Source Files\Scenario</Filter>
    </ClCompile>
    <ClCompile Include="EventQueue.cpp">
      <Filter>Source Files\Scenario</Filter>
    </ClCompile>
    <ClCompile Include="Train.cpp">
      <Filter>Source Files\Vehicles</Filter>
    </ClCompile>
    <ClCompile Include="Location.cpp">
      <Filter>Source Files\Location</Filter>
    </ClCompile>
    <ClCompile Include="ShuntingUnit.cpp">
      <Filter>Source Files\Vehicles</Filter>
    </ClCompile>
    <ClCompile Include="Track.cpp">
      <Filter>Source Files\Location</Filter>
    </ClCompile>
    <ClCompile Include="InvalidLocationException.cpp">
      <Filter>Source Files\Location</Filter>
    </ClCompile>
    <ClCompile Include="main.cpp">
      <Filter>Source Files</Filter>
    </ClCompile>
    <ClCompile Include="Facility.cpp">
      <Filter>Source Files\Location</Filter>
    </ClCompile>
    <ClCompile Include="InvalidScenarioException.cpp">
      <Filter>Source Files\Scenario</Filter>
    </ClCompile>
    <ClCompile Include="TrainGoal.cpp">
      <Filter>Source Files\Vehicles</Filter>
    </ClCompile>
    <ClCompile Include="Incoming.cpp">
      <Filter>Source Files\Vehicles</Filter>
    </ClCompile>
    <ClCompile Include="Outgoing.cpp">
      <Filter>Source Files\Vehicles</Filter>
    </ClCompile>
    <ClCompile Include="ArriveAction.cpp">
      <Filter>Source Files\Action</Filter>
    </ClCompile>
    <ClCompile Include="ActionValidator.cpp">
      <Filter>Source Files\Action</Filter>
    </ClCompile>
    <ClCompile Include="Config.cpp">
      <Filter>Source Files\Engine</Filter>
    </ClCompile>
    <ClCompile Include="ActionManager.cpp">
      <Filter>Source Files\Action</Filter>
    </ClCompile>
    <ClCompile Include="BeginMoveAction.cpp">
      <Filter>Source Files\Action</Filter>
    </ClCompile>
    <ClCompile Include="MoveAction.cpp">
      <Filter>Source Files\Action</Filter>
    </ClCompile>
    <ClCompile Include="EndMoveAction.cpp">
      <Filter>Source Files\Action</Filter>
    </ClCompile>
    <ClCompile Include="WaitAction.cpp">
      <Filter>Source Files\Action</Filter>
    </ClCompile>
    <ClCompile Include="ExitAction.cpp">
      <Filter>Source Files\Action</Filter>
    </ClCompile>
    <ClCompile Include="end_correct_order_on_track_rule.cpp">
      <Filter>Source Files\BusinessRules\Arrival and departure</Filter>
    </ClCompile>
    <ClCompile Include="in_correct_time_rule.cpp">
      <Filter>Source Files\BusinessRules\Arrival and departure</Filter>
    </ClCompile>
    <ClCompile Include="out_correct_order_rule.cpp">
      <Filter>Source Files\BusinessRules\Arrival and departure</Filter>
    </ClCompile>
    <ClCompile Include="out_correct_time_rule.cpp">
      <Filter>Source Files\BusinessRules\Arrival and departure</Filter>
    </ClCompile>
    <ClCompile Include="out_correct_track_rule.cpp">
      <Filter>Source Files\BusinessRules\Arrival and departure</Filter>
    </ClCompile>
    <ClCompile Include="blocked_first_track_rule.cpp">
      <Filter>Source Files\BusinessRules\Track occupation</Filter>
    </ClCompile>
    <ClCompile Include="blocked_track_rule.cpp">
      <Filter>Source Files\BusinessRules\Track occupation</Filter>
    </ClCompile>
    <ClCompile Include="length_track_rule.cpp">
      <Filter>Source Files\BusinessRules\Track occupation</Filter>
    </ClCompile>
    <ClCompile Include="single_move_track_rule.cpp">
      <Filter>Source Files\BusinessRules\Track occupation</Filter>
    </ClCompile>
    <ClCompile Include="electric_track_rule.cpp">
      <Filter>Source Files\BusinessRules\Parking</Filter>
    </ClCompile>
    <ClCompile Include="Employee.cpp">
      <Filter>Source Files\Employees</Filter>
    </ClCompile>
    <ClCompile Include="legal_on_parking_track_rule.cpp">
      <Filter>Source Files\BusinessRules\Parking</Filter>
    </ClCompile>
    <ClCompile Include="legel_on_setback_track_rule.cpp">
      <Filter>Source Files\BusinessRules\Parking</Filter>
    </ClCompile>
    <ClCompile Include="electric_move_rule.cpp">
      <Filter>Source Files\BusinessRules\Shunting</Filter>
    </ClCompile>
    <ClCompile Include="setback_once_rule.cpp">
      <Filter>Source Files\BusinessRules\Shunting</Filter>
    </ClCompile>
    <ClCompile Include="setback_track_rule.cpp">
      <Filter>Source Files\BusinessRules\Shunting</Filter>
    </ClCompile>
    <ClCompile Include="ServiceAction.cpp">
      <Filter>Source Files\Action</Filter>
    </ClCompile>
    <ClCompile Include="available_facility_rule.cpp">
      <Filter>Source Files\BusinessRules\Facility</Filter>
    </ClCompile>
    <ClCompile Include="capacity_facility_rule.cpp">
      <Filter>Source Files\BusinessRules\Facility</Filter>
    </ClCompile>
    <ClCompile Include="disabled_facility_rule.cpp">
      <Filter>Source Files\BusinessRules\Facility</Filter>
    </ClCompile>
    <ClCompile Include="correct_facility_rule.cpp">
      <Filter>Source Files\BusinessRules\Service tasks</Filter>
    </ClCompile>
    <ClCompile Include="mandatory_service_task_rule.cpp">
      <Filter>Source Files\BusinessRules\Service tasks</Filter>
    </ClCompile>
    <ClCompile Include="optional_service_task_rule.cpp">
      <Filter>Source Files\BusinessRules\Service tasks</Filter>
    </ClCompile>
    <ClCompile Include="understaffed_rule.cpp">
      <Filter>Source Files\BusinessRules\Service tasks</Filter>
    </ClCompile>
    <ClCompile Include="SetbackAction.cpp">
      <Filter>Source Files\Action</Filter>
    </ClCompile>
    <ClCompile Include="InvalidConfigException.cpp">
      <Filter>Source Files\Engine</Filter>
    </ClCompile>
  </ItemGroup>
  <ItemGroup>
    <None Include="packages.config" />
  </ItemGroup>
</Project>